
Microsoft Visual Studio Solution File, Format Version 12.00
# Visual Studio for Mac
Project("{FAE04EC0-301F-11D3-BF4B-00C04F79EFBC}") = "Beyond Helios", "Assembly-CSharp.csproj", "{BD54D4BB-3BB0-390F-9082-28070727325C}"
EndProject
Project("{FAE04EC0-301F-11D3-BF4B-00C04F79EFBC}") = "Beyond Helios", "Assembly-CSharp-firstpass.csproj", "{85BBBEB0-07CE-05C5-13BB-0DA523E7A3B7}"
EndProject
Project("{FAE04EC0-301F-11D3-BF4B-00C04F79EFBC}") = "Beyond Helios", "Assembly-CSharp-Editor-firstpass.csproj", "{3CE04E0A-8438-A6CF-DA2B-CE9C335BEB35}"
EndProject
Global
	GlobalSection(SolutionConfigurationPlatforms) = preSolution
		Debug|Any CPU = Debug|Any CPU
		Release|Any CPU = Release|Any CPU
	EndGlobalSection
	GlobalSection(ProjectConfigurationPlatforms) = postSolution
		{BD54D4BB-3BB0-390F-9082-28070727325C}.Debug|Any CPU.ActiveCfg = Debug|Any CPU
		{BD54D4BB-3BB0-390F-9082-28070727325C}.Debug|Any CPU.Build.0 = Debug|Any CPU
		{BD54D4BB-3BB0-390F-9082-28070727325C}.Release|Any CPU.ActiveCfg = Release|Any CPU
		{BD54D4BB-3BB0-390F-9082-28070727325C}.Release|Any CPU.Build.0 = Release|Any CPU
		{85BBBEB0-07CE-05C5-13BB-0DA523E7A3B7}.Debug|Any CPU.ActiveCfg = Debug|Any CPU
		{85BBBEB0-07CE-05C5-13BB-0DA523E7A3B7}.Debug|Any CPU.Build.0 = Debug|Any CPU
		{85BBBEB0-07CE-05C5-13BB-0DA523E7A3B7}.Release|Any CPU.ActiveCfg = Release|Any CPU
		{85BBBEB0-07CE-05C5-13BB-0DA523E7A3B7}.Release|Any CPU.Build.0 = Release|Any CPU
		{3CE04E0A-8438-A6CF-DA2B-CE9C335BEB35}.Debug|Any CPU.ActiveCfg = Debug|Any CPU
		{3CE04E0A-8438-A6CF-DA2B-CE9C335BEB35}.Debug|Any CPU.Build.0 = Debug|Any CPU
		{3CE04E0A-8438-A6CF-DA2B-CE9C335BEB35}.Release|Any CPU.ActiveCfg = Release|Any CPU
		{3CE04E0A-8438-A6CF-DA2B-CE9C335BEB35}.Release|Any CPU.Build.0 = Release|Any CPU
	EndGlobalSection
	GlobalSection(SolutionProperties) = preSolution
		HideSolutionNode = FALSE
	EndGlobalSection
EndGlobal
